
Microsoft Visual Studio Solution File, Format Version 12.00
# Visual Studio Version 16
VisualStudioVersion = 16.0.28711.60
MinimumVisualStudioVersion = 10.0.40219.1
Project("{9A19103F-16F7-4668-BE54-9A1E7A4F7556}") = "DirectCareConnect.Common", "DirectCareConnect.Blazor.Common\DirectCareConnect.Common.csproj", "{E39519EF-D12A-4560-97C7-71FBC9506740}"
EndProject
Project("{9A19103F-16F7-4668-BE54-9A1E7A4F7556}") = "DirectCareConnect.Blazor", "DirectCareConnect.Blazor\DirectCareConnect.Blazor.csproj", "{A6BFF2C3-CA72-45FB-A1B6-61BF95FAFE25}"
EndProject
Project("{9A19103F-16F7-4668-BE54-9A1E7A4F7556}") = "DirectCareConnect", "DirectCareConnect\DirectCareConnect.csproj", "{79B45F3E-E943-4FA0-AE50-6222B0D72CF6}"
	ProjectSection(ProjectDependencies) = postProject
		{A6BFF2C3-CA72-45FB-A1B6-61BF95FAFE25} = {A6BFF2C3-CA72-45FB-A1B6-61BF95FAFE25}
	EndProjectSection
EndProject
Project("{FAE04EC0-301F-11D3-BF4B-00C04F79EFBC}") = "DirectCareConnect.Android", "DirectCareConnect.Android\DirectCareConnect.Android.csproj", "{A8052112-BFAE-4E51-9B6B-83AACAC18079}"
EndProject
Project("{FAE04EC0-301F-11D3-BF4B-00C04F79EFBC}") = "DirectCareConnect.iOS", "DirectCareConnect.iOS\DirectCareConnect.iOS.csproj", "{56DB5819-09BC-4C22-80AA-859F3CD146D7}"
EndProject
Project("{9A19103F-16F7-4668-BE54-9A1E7A4F7556}") = "DirectCareConnect.Blazor.Server", "DirectCareConnect.Blazor.Server\DirectCareConnect.Blazor.Server.csproj", "{23933AE1-8A82-45B3-9393-B07A5A4555AE}"
EndProject
Project("{9A19103F-16F7-4668-BE54-9A1E7A4F7556}") = "DirectCareConnect.AppPackageProject", "DirectCareConnect.AppPackageProject\DirectCareConnect.AppPackageProject.csproj", "{FB23E7FF-A368-439B-A94A-04FF120B69D6}"
EndProject
Global
	GlobalSection(SolutionConfigurationPlatforms) = preSolution
		Ad-Hoc|Any CPU = Ad-Hoc|Any CPU
		Ad-Hoc|ARM = Ad-Hoc|ARM
		Ad-Hoc|iPhone = Ad-Hoc|iPhone
		Ad-Hoc|iPhoneSimulator = Ad-Hoc|iPhoneSimulator
		Ad-Hoc|Mixed Platforms = Ad-Hoc|Mixed Platforms
		Ad-Hoc|x64 = Ad-Hoc|x64
		Ad-Hoc|x86 = Ad-Hoc|x86
		AppStore|Any CPU = AppStore|Any CPU
		AppStore|ARM = AppStore|ARM
		AppStore|iPhone = AppStore|iPhone
		AppStore|iPhoneSimulator = AppStore|iPhoneSimulator
		AppStore|Mixed Platforms = AppStore|Mixed Platforms
		AppStore|x64 = AppStore|x64
		AppStore|x86 = AppStore|x86
		Debug|Any CPU = Debug|Any CPU
		Debug|ARM = Debug|ARM
		Debug|iPhone = Debug|iPhone
		Debug|iPhoneSimulator = Debug|iPhoneSimulator
		Debug|Mixed Platforms = Debug|Mixed Platforms
		Debug|x64 = Debug|x64
		Debug|x86 = Debug|x86
		DebugWeb|Any CPU = DebugWeb|Any CPU
		DebugWeb|ARM = DebugWeb|ARM
		DebugWeb|iPhone = DebugWeb|iPhone
		DebugWeb|iPhoneSimulator = DebugWeb|iPhoneSimulator
		DebugWeb|Mixed Platforms = DebugWeb|Mixed Platforms
		DebugWeb|x64 = DebugWeb|x64
		DebugWeb|x86 = DebugWeb|x86
		Release Pro|Any CPU = Release Pro|Any CPU
		Release Pro|ARM = Release Pro|ARM
		Release Pro|iPhone = Release Pro|iPhone
		Release Pro|iPhoneSimulator = Release Pro|iPhoneSimulator
		Release Pro|Mixed Platforms = Release Pro|Mixed Platforms
		Release Pro|x64 = Release Pro|x64
		Release Pro|x86 = Release Pro|x86
		Release|Any CPU = Release|Any CPU
		Release|ARM = Release|ARM
		Release|iPhone = Release|iPhone
		Release|iPhoneSimulator = Release|iPhoneSimulator
		Release|Mixed Platforms = Release|Mixed Platforms
		Release|x64 = Release|x64
		Release|x86 = Release|x86
	EndGlobalSection
	GlobalSection(ProjectConfigurationPlatforms) = postSolution
		{E39519EF-D12A-4560-97C7-71FBC9506740}.Ad-Hoc|Any CPU.ActiveCfg = Debug|Any CPU
		{E39519EF-D12A-4560-97C7-71FBC9506740}.Ad-Hoc|Any CPU.Build.0 = Debug|Any CPU
		{E39519EF-D12A-4560-97C7-71FBC9506740}.Ad-Hoc|ARM.ActiveCfg = Release|Any CPU
		{E39519EF-D12A-4560-97C7-71FBC9506740}.Ad-Hoc|ARM.Build.0 = Release|Any CPU
		{E39519EF-D12A-4560-97C7-71FBC9506740}.Ad-Hoc|iPhone.ActiveCfg = Release|Any CPU
		{E39519EF-D12A-4560-97C7-71FBC9506740}.Ad-Hoc|iPhone.Build.0 = Release|Any CPU
		{E39519EF-D12A-4560-97C7-71FBC9506740}.Ad-Hoc|iPhoneSimulator.ActiveCfg = Debug|Any CPU
		{E39519EF-D12A-4560-97C7-71FBC9506740}.Ad-Hoc|iPhoneSimulator.Build.0 = Debug|Any CPU
		{E39519EF-D12A-4560-97C7-71FBC9506740}.Ad-Hoc|Mixed Platforms.ActiveCfg = DebugDevice|Any CPU
		{E39519EF-D12A-4560-97C7-71FBC9506740}.Ad-Hoc|Mixed Platforms.Build.0 = DebugDevice|Any CPU
		{E39519EF-D12A-4560-97C7-71FBC9506740}.Ad-Hoc|x64.ActiveCfg = Release|Any CPU
		{E39519EF-D12A-4560-97C7-71FBC9506740}.Ad-Hoc|x64.Build.0 = Release|Any CPU
		{E39519EF-D12A-4560-97C7-71FBC9506740}.Ad-Hoc|x86.ActiveCfg = Release|Any CPU
		{E39519EF-D12A-4560-97C7-71FBC9506740}.Ad-Hoc|x86.Build.0 = Release|Any CPU
		{E39519EF-D12A-4560-97C7-71FBC9506740}.AppStore|Any CPU.ActiveCfg = Debug|Any CPU
		{E39519EF-D12A-4560-97C7-71FBC9506740}.AppStore|Any CPU.Build.0 = Debug|Any CPU
		{E39519EF-D12A-4560-97C7-71FBC9506740}.AppStore|ARM.ActiveCfg = Release|Any CPU
		{E39519EF-D12A-4560-97C7-71FBC9506740}.AppStore|ARM.Build.0 = Release|Any CPU
		{E39519EF-D12A-4560-97C7-71FBC9506740}.AppStore|iPhone.ActiveCfg = Debug|Any CPU
		{E39519EF-D12A-4560-97C7-71FBC9506740}.AppStore|iPhone.Build.0 = Debug|Any CPU
		{E39519EF-D12A-4560-97C7-71FBC9506740}.AppStore|iPhoneSimulator.ActiveCfg = Debug|Any CPU
		{E39519EF-D12A-4560-97C7-71FBC9506740}.AppStore|iPhoneSimulator.Build.0 = Debug|Any CPU
		{E39519EF-D12A-4560-97C7-71FBC9506740}.AppStore|Mixed Platforms.ActiveCfg = DebugDevice|Any CPU
		{E39519EF-D12A-4560-97C7-71FBC9506740}.AppStore|Mixed Platforms.Build.0 = DebugDevice|Any CPU
		{E39519EF-D12A-4560-97C7-71FBC9506740}.AppStore|x64.ActiveCfg = Release|Any CPU
		{E39519EF-D12A-4560-97C7-71FBC9506740}.AppStore|x64.Build.0 = Release|Any CPU
		{E39519EF-D12A-4560-97C7-71FBC9506740}.AppStore|x86.ActiveCfg = Release|Any CPU
		{E39519EF-D12A-4560-97C7-71FBC9506740}.AppStore|x86.Build.0 = Release|Any CPU
		{E39519EF-D12A-4560-97C7-71FBC9506740}.Debug|Any CPU.ActiveCfg = Debug|Any CPU
		{E39519EF-D12A-4560-97C7-71FBC9506740}.Debug|Any CPU.Build.0 = Debug|Any CPU
		{E39519EF-D12A-4560-97C7-71FBC9506740}.Debug|ARM.ActiveCfg = Debug|Any CPU
		{E39519EF-D12A-4560-97C7-71FBC9506740}.Debug|ARM.Build.0 = Debug|Any CPU
		{E39519EF-D12A-4560-97C7-71FBC9506740}.Debug|iPhone.ActiveCfg = Debug|Any CPU
		{E39519EF-D12A-4560-97C7-71FBC9506740}.Debug|iPhone.Build.0 = Debug|Any CPU
		{E39519EF-D12A-4560-97C7-71FBC9506740}.Debug|iPhoneSimulator.ActiveCfg = Debug|Any CPU
		{E39519EF-D12A-4560-97C7-71FBC9506740}.Debug|iPhoneSimulator.Build.0 = Debug|Any CPU
		{E39519EF-D12A-4560-97C7-71FBC9506740}.Debug|Mixed Platforms.ActiveCfg = Debug|Any CPU
		{E39519EF-D12A-4560-97C7-71FBC9506740}.Debug|Mixed Platforms.Build.0 = Debug|Any CPU
		{E39519EF-D12A-4560-97C7-71FBC9506740}.Debug|x64.ActiveCfg = Debug|Any CPU
		{E39519EF-D12A-4560-97C7-71FBC9506740}.Debug|x64.Build.0 = Debug|Any CPU
		{E39519EF-D12A-4560-97C7-71FBC9506740}.Debug|x86.ActiveCfg = Debug|Any CPU
		{E39519EF-D12A-4560-97C7-71FBC9506740}.Debug|x86.Build.0 = Debug|Any CPU
		{E39519EF-D12A-4560-97C7-71FBC9506740}.DebugWeb|Any CPU.ActiveCfg = DebugWeb|Any CPU
		{E39519EF-D12A-4560-97C7-71FBC9506740}.DebugWeb|Any CPU.Build.0 = DebugWeb|Any CPU
		{E39519EF-D12A-4560-97C7-71FBC9506740}.DebugWeb|ARM.ActiveCfg = DebugDevice|Any CPU
		{E39519EF-D12A-4560-97C7-71FBC9506740}.DebugWeb|ARM.Build.0 = DebugDevice|Any CPU
		{E39519EF-D12A-4560-97C7-71FBC9506740}.DebugWeb|iPhone.ActiveCfg = DebugDevice|Any CPU
		{E39519EF-D12A-4560-97C7-71FBC9506740}.DebugWeb|iPhone.Build.0 = DebugDevice|Any CPU
		{E39519EF-D12A-4560-97C7-71FBC9506740}.DebugWeb|iPhoneSimulator.ActiveCfg = DebugDevice|Any CPU
		{E39519EF-D12A-4560-97C7-71FBC9506740}.DebugWeb|iPhoneSimulator.Build.0 = DebugDevice|Any CPU
		{E39519EF-D12A-4560-97C7-71FBC9506740}.DebugWeb|Mixed Platforms.ActiveCfg = DebugDevice|Any CPU
		{E39519EF-D12A-4560-97C7-71FBC9506740}.DebugWeb|Mixed Platforms.Build.0 = DebugDevice|Any CPU
		{E39519EF-D12A-4560-97C7-71FBC9506740}.DebugWeb|x64.ActiveCfg = DebugDevice|Any CPU
		{E39519EF-D12A-4560-97C7-71FBC9506740}.DebugWeb|x64.Build.0 = DebugDevice|Any CPU
		{E39519EF-D12A-4560-97C7-71FBC9506740}.DebugWeb|x86.ActiveCfg = DebugDevice|Any CPU
		{E39519EF-D12A-4560-97C7-71FBC9506740}.DebugWeb|x86.Build.0 = DebugDevice|Any CPU
		{E39519EF-D12A-4560-97C7-71FBC9506740}.Release Pro|Any CPU.ActiveCfg = Release|Any CPU
		{E39519EF-D12A-4560-97C7-71FBC9506740}.Release Pro|Any CPU.Build.0 = Release|Any CPU
		{E39519EF-D12A-4560-97C7-71FBC9506740}.Release Pro|ARM.ActiveCfg = Release|Any CPU
		{E39519EF-D12A-4560-97C7-71FBC9506740}.Release Pro|ARM.Build.0 = Release|Any CPU
		{E39519EF-D12A-4560-97C7-71FBC9506740}.Release Pro|iPhone.ActiveCfg = Release|Any CPU
		{E39519EF-D12A-4560-97C7-71FBC9506740}.Release Pro|iPhone.Build.0 = Release|Any CPU
		{E39519EF-D12A-4560-97C7-71FBC9506740}.Release Pro|iPhoneSimulator.ActiveCfg = Release|Any CPU
		{E39519EF-D12A-4560-97C7-71FBC9506740}.Release Pro|iPhoneSimulator.Build.0 = Release|Any CPU
		{E39519EF-D12A-4560-97C7-71FBC9506740}.Release Pro|Mixed Platforms.ActiveCfg = Release|Any CPU
		{E39519EF-D12A-4560-97C7-71FBC9506740}.Release Pro|Mixed Platforms.Build.0 = Release|Any CPU
		{E39519EF-D12A-4560-97C7-71FBC9506740}.Release Pro|x64.ActiveCfg = Release|Any CPU
		{E39519EF-D12A-4560-97C7-71FBC9506740}.Release Pro|x64.Build.0 = Release|Any CPU
		{E39519EF-D12A-4560-97C7-71FBC9506740}.Release Pro|x86.ActiveCfg = Release|Any CPU
		{E39519EF-D12A-4560-97C7-71FBC9506740}.Release Pro|x86.Build.0 = Release|Any CPU
		{E39519EF-D12A-4560-97C7-71FBC9506740}.Release|Any CPU.ActiveCfg = Release|Any CPU
		{E39519EF-D12A-4560-97C7-71FBC9506740}.Release|Any CPU.Build.0 = Release|Any CPU
		{E39519EF-D12A-4560-97C7-71FBC9506740}.Release|ARM.ActiveCfg = Release|Any CPU
		{E39519EF-D12A-4560-97C7-71FBC9506740}.Release|ARM.Build.0 = Release|Any CPU
		{E39519EF-D12A-4560-97C7-71FBC9506740}.Release|iPhone.ActiveCfg = Release|Any CPU
		{E39519EF-D12A-4560-97C7-71FBC9506740}.Release|iPhone.Build.0 = Release|Any CPU
		{E39519EF-D12A-4560-97C7-71FBC9506740}.Release|iPhoneSimulator.ActiveCfg = Release|Any CPU
		{E39519EF-D12A-4560-97C7-71FBC9506740}.Release|iPhoneSimulator.Build.0 = Release|Any CPU
		{E39519EF-D12A-4560-97C7-71FBC9506740}.Release|Mixed Platforms.ActiveCfg = Release|Any CPU
		{E39519EF-D12A-4560-97C7-71FBC9506740}.Release|Mixed Platforms.Build.0 = Release|Any CPU
		{E39519EF-D12A-4560-97C7-71FBC9506740}.Release|x64.ActiveCfg = Release|Any CPU
		{E39519EF-D12A-4560-97C7-71FBC9506740}.Release|x64.Build.0 = Release|Any CPU
		{E39519EF-D12A-4560-97C7-71FBC9506740}.Release|x86.ActiveCfg = Release|Any CPU
		{E39519EF-D12A-4560-97C7-71FBC9506740}.Release|x86.Build.0 = Release|Any CPU
		{A6BFF2C3-CA72-45FB-A1B6-61BF95FAFE25}.Ad-Hoc|Any CPU.ActiveCfg = Debug|Any CPU
		{A6BFF2C3-CA72-45FB-A1B6-61BF95FAFE25}.Ad-Hoc|Any CPU.Build.0 = Debug|Any CPU
		{A6BFF2C3-CA72-45FB-A1B6-61BF95FAFE25}.Ad-Hoc|ARM.ActiveCfg = Release|Any CPU
		{A6BFF2C3-CA72-45FB-A1B6-61BF95FAFE25}.Ad-Hoc|ARM.Build.0 = Release|Any CPU
		{A6BFF2C3-CA72-45FB-A1B6-61BF95FAFE25}.Ad-Hoc|iPhone.ActiveCfg = Release|Any CPU
		{A6BFF2C3-CA72-45FB-A1B6-61BF95FAFE25}.Ad-Hoc|iPhone.Build.0 = Release|Any CPU
		{A6BFF2C3-CA72-45FB-A1B6-61BF95FAFE25}.Ad-Hoc|iPhoneSimulator.ActiveCfg = Debug|Any CPU
		{A6BFF2C3-CA72-45FB-A1B6-61BF95FAFE25}.Ad-Hoc|iPhoneSimulator.Build.0 = Debug|Any CPU
		{A6BFF2C3-CA72-45FB-A1B6-61BF95FAFE25}.Ad-Hoc|Mixed Platforms.ActiveCfg = DebugDevice|Any CPU
		{A6BFF2C3-CA72-45FB-A1B6-61BF95FAFE25}.Ad-Hoc|Mixed Platforms.Build.0 = DebugDevice|Any CPU
		{A6BFF2C3-CA72-45FB-A1B6-61BF95FAFE25}.Ad-Hoc|x64.ActiveCfg = Release|Any CPU
		{A6BFF2C3-CA72-45FB-A1B6-61BF95FAFE25}.Ad-Hoc|x64.Build.0 = Release|Any CPU
		{A6BFF2C3-CA72-45FB-A1B6-61BF95FAFE25}.Ad-Hoc|x86.ActiveCfg = Release|Any CPU
		{A6BFF2C3-CA72-45FB-A1B6-61BF95FAFE25}.Ad-Hoc|x86.Build.0 = Release|Any CPU
		{A6BFF2C3-CA72-45FB-A1B6-61BF95FAFE25}.AppStore|Any CPU.ActiveCfg = Debug|Any CPU
		{A6BFF2C3-CA72-45FB-A1B6-61BF95FAFE25}.AppStore|Any CPU.Build.0 = Debug|Any CPU
		{A6BFF2C3-CA72-45FB-A1B6-61BF95FAFE25}.AppStore|ARM.ActiveCfg = Release|Any CPU
		{A6BFF2C3-CA72-45FB-A1B6-61BF95FAFE25}.AppStore|ARM.Build.0 = Release|Any CPU
		{A6BFF2C3-CA72-45FB-A1B6-61BF95FAFE25}.AppStore|iPhone.ActiveCfg = Debug|Any CPU
		{A6BFF2C3-CA72-45FB-A1B6-61BF95FAFE25}.AppStore|iPhone.Build.0 = Debug|Any CPU
		{A6BFF2C3-CA72-45FB-A1B6-61BF95FAFE25}.AppStore|iPhoneSimulator.ActiveCfg = Debug|Any CPU
		{A6BFF2C3-CA72-45FB-A1B6-61BF95FAFE25}.AppStore|iPhoneSimulator.Build.0 = Debug|Any CPU
		{A6BFF2C3-CA72-45FB-A1B6-61BF95FAFE25}.AppStore|Mixed Platforms.ActiveCfg = DebugDevice|Any CPU
		{A6BFF2C3-CA72-45FB-A1B6-61BF95FAFE25}.AppStore|Mixed Platforms.Build.0 = DebugDevice|Any CPU
		{A6BFF2C3-CA72-45FB-A1B6-61BF95FAFE25}.AppStore|x64.ActiveCfg = Release|Any CPU
		{A6BFF2C3-CA72-45FB-A1B6-61BF95FAFE25}.AppStore|x64.Build.0 = Release|Any CPU
		{A6BFF2C3-CA72-45FB-A1B6-61BF95FAFE25}.AppStore|x86.ActiveCfg = Release|Any CPU
		{A6BFF2C3-CA72-45FB-A1B6-61BF95FAFE25}.AppStore|x86.Build.0 = Release|Any CPU
		{A6BFF2C3-CA72-45FB-A1B6-61BF95FAFE25}.Debug|Any CPU.ActiveCfg = Debug|Any CPU
		{A6BFF2C3-CA72-45FB-A1B6-61BF95FAFE25}.Debug|Any CPU.Build.0 = Debug|Any CPU
		{A6BFF2C3-CA72-45FB-A1B6-61BF95FAFE25}.Debug|ARM.ActiveCfg = Debug|Any CPU
		{A6BFF2C3-CA72-45FB-A1B6-61BF95FAFE25}.Debug|ARM.Build.0 = Debug|Any CPU
		{A6BFF2C3-CA72-45FB-A1B6-61BF95FAFE25}.Debug|iPhone.ActiveCfg = Debug|Any CPU
		{A6BFF2C3-CA72-45FB-A1B6-61BF95FAFE25}.Debug|iPhone.Build.0 = Debug|Any CPU
		{A6BFF2C3-CA72-45FB-A1B6-61BF95FAFE25}.Debug|iPhoneSimulator.ActiveCfg = Debug|Any CPU
		{A6BFF2C3-CA72-45FB-A1B6-61BF95FAFE25}.Debug|iPhoneSimulator.Build.0 = Debug|Any CPU
		{A6BFF2C3-CA72-45FB-A1B6-61BF95FAFE25}.Debug|Mixed Platforms.ActiveCfg = Debug|Any CPU
		{A6BFF2C3-CA72-45FB-A1B6-61BF95FAFE25}.Debug|Mixed Platforms.Build.0 = Debug|Any CPU
		{A6BFF2C3-CA72-45FB-A1B6-61BF95FAFE25}.Debug|x64.ActiveCfg = Debug|Any CPU
		{A6BFF2C3-CA72-45FB-A1B6-61BF95FAFE25}.Debug|x64.Build.0 = Debug|Any CPU
		{A6BFF2C3-CA72-45FB-A1B6-61BF95FAFE25}.Debug|x86.ActiveCfg = Debug|Any CPU
		{A6BFF2C3-CA72-45FB-A1B6-61BF95FAFE25}.Debug|x86.Build.0 = Debug|Any CPU
		{A6BFF2C3-CA72-45FB-A1B6-61BF95FAFE25}.DebugWeb|Any CPU.ActiveCfg = DebugWeb|Any CPU
		{A6BFF2C3-CA72-45FB-A1B6-61BF95FAFE25}.DebugWeb|Any CPU.Build.0 = DebugWeb|Any CPU
		{A6BFF2C3-CA72-45FB-A1B6-61BF95FAFE25}.DebugWeb|ARM.ActiveCfg = DebugWeb|Any CPU
		{A6BFF2C3-CA72-45FB-A1B6-61BF95FAFE25}.DebugWeb|ARM.Build.0 = DebugWeb|Any CPU
		{A6BFF2C3-CA72-45FB-A1B6-61BF95FAFE25}.DebugWeb|iPhone.ActiveCfg = DebugWeb|Any CPU
		{A6BFF2C3-CA72-45FB-A1B6-61BF95FAFE25}.DebugWeb|iPhone.Build.0 = DebugWeb|Any CPU
		{A6BFF2C3-CA72-45FB-A1B6-61BF95FAFE25}.DebugWeb|iPhoneSimulator.ActiveCfg = DebugWeb|Any CPU
		{A6BFF2C3-CA72-45FB-A1B6-61BF95FAFE25}.DebugWeb|iPhoneSimulator.Build.0 = DebugWeb|Any CPU
		{A6BFF2C3-CA72-45FB-A1B6-61BF95FAFE25}.DebugWeb|Mixed Platforms.ActiveCfg = DebugWeb|Any CPU
		{A6BFF2C3-CA72-45FB-A1B6-61BF95FAFE25}.DebugWeb|Mixed Platforms.Build.0 = DebugWeb|Any CPU
		{A6BFF2C3-CA72-45FB-A1B6-61BF95FAFE25}.DebugWeb|x64.ActiveCfg = DebugWeb|Any CPU
		{A6BFF2C3-CA72-45FB-A1B6-61BF95FAFE25}.DebugWeb|x64.Build.0 = DebugWeb|Any CPU
		{A6BFF2C3-CA72-45FB-A1B6-61BF95FAFE25}.DebugWeb|x86.ActiveCfg = DebugWeb|Any CPU
		{A6BFF2C3-CA72-45FB-A1B6-61BF95FAFE25}.DebugWeb|x86.Build.0 = DebugWeb|Any CPU
		{A6BFF2C3-CA72-45FB-A1B6-61BF95FAFE25}.Release Pro|Any CPU.ActiveCfg = Release|Any CPU
		{A6BFF2C3-CA72-45FB-A1B6-61BF95FAFE25}.Release Pro|Any CPU.Build.0 = Release|Any CPU
		{A6BFF2C3-CA72-45FB-A1B6-61BF95FAFE25}.Release Pro|ARM.ActiveCfg = Release|Any CPU
		{A6BFF2C3-CA72-45FB-A1B6-61BF95FAFE25}.Release Pro|ARM.Build.0 = Release|Any CPU
		{A6BFF2C3-CA72-45FB-A1B6-61BF95FAFE25}.Release Pro|iPhone.ActiveCfg = Release|Any CPU
		{A6BFF2C3-CA72-45FB-A1B6-61BF95FAFE25}.Release Pro|iPhone.Build.0 = Release|Any CPU
		{A6BFF2C3-CA72-45FB-A1B6-61BF95FAFE25}.Release Pro|iPhoneSimulator.ActiveCfg = Release|Any CPU
		{A6BFF2C3-CA72-45FB-A1B6-61BF95FAFE25}.Release Pro|iPhoneSimulator.Build.0 = Release|Any CPU
		{A6BFF2C3-CA72-45FB-A1B6-61BF95FAFE25}.Release Pro|Mixed Platforms.ActiveCfg = Release|Any CPU
		{A6BFF2C3-CA72-45FB-A1B6-61BF95FAFE25}.Release Pro|Mixed Platforms.Build.0 = Release|Any CPU
		{A6BFF2C3-CA72-45FB-A1B6-61BF95FAFE25}.Release Pro|x64.ActiveCfg = Release|Any CPU
		{A6BFF2C3-CA72-45FB-A1B6-61BF95FAFE25}.Release Pro|x64.Build.0 = Release|Any CPU
		{A6BFF2C3-CA72-45FB-A1B6-61BF95FAFE25}.Release Pro|x86.ActiveCfg = Release|Any CPU
		{A6BFF2C3-CA72-45FB-A1B6-61BF95FAFE25}.Release Pro|x86.Build.0 = Release|Any CPU
		{A6BFF2C3-CA72-45FB-A1B6-61BF95FAFE25}.Release|Any CPU.ActiveCfg = Release|Any CPU
		{A6BFF2C3-CA72-45FB-A1B6-61BF95FAFE25}.Release|Any CPU.Build.0 = Release|Any CPU
		{A6BFF2C3-CA72-45FB-A1B6-61BF95FAFE25}.Release|ARM.ActiveCfg = Release|Any CPU
		{A6BFF2C3-CA72-45FB-A1B6-61BF95FAFE25}.Release|ARM.Build.0 = Release|Any CPU
		{A6BFF2C3-CA72-45FB-A1B6-61BF95FAFE25}.Release|iPhone.ActiveCfg = Release|Any CPU
		{A6BFF2C3-CA72-45FB-A1B6-61BF95FAFE25}.Release|iPhone.Build.0 = Release|Any CPU
		{A6BFF2C3-CA72-45FB-A1B6-61BF95FAFE25}.Release|iPhoneSimulator.ActiveCfg = Release|Any CPU
		{A6BFF2C3-CA72-45FB-A1B6-61BF95FAFE25}.Release|iPhoneSimulator.Build.0 = Release|Any CPU
		{A6BFF2C3-CA72-45FB-A1B6-61BF95FAFE25}.Release|Mixed Platforms.ActiveCfg = Release|Any CPU
		{A6BFF2C3-CA72-45FB-A1B6-61BF95FAFE25}.Release|Mixed Platforms.Build.0 = Release|Any CPU
		{A6BFF2C3-CA72-45FB-A1B6-61BF95FAFE25}.Release|x64.ActiveCfg = Release|Any CPU
		{A6BFF2C3-CA72-45FB-A1B6-61BF95FAFE25}.Release|x64.Build.0 = Release|Any CPU
		{A6BFF2C3-CA72-45FB-A1B6-61BF95FAFE25}.Release|x86.ActiveCfg = Release|Any CPU
		{A6BFF2C3-CA72-45FB-A1B6-61BF95FAFE25}.Release|x86.Build.0 = Release|Any CPU
		{79B45F3E-E943-4FA0-AE50-6222B0D72CF6}.Ad-Hoc|Any CPU.ActiveCfg = Debug|Any CPU
		{79B45F3E-E943-4FA0-AE50-6222B0D72CF6}.Ad-Hoc|Any CPU.Build.0 = Debug|Any CPU
		{79B45F3E-E943-4FA0-AE50-6222B0D72CF6}.Ad-Hoc|ARM.ActiveCfg = Release|Any CPU
		{79B45F3E-E943-4FA0-AE50-6222B0D72CF6}.Ad-Hoc|ARM.Build.0 = Release|Any CPU
		{79B45F3E-E943-4FA0-AE50-6222B0D72CF6}.Ad-Hoc|iPhone.ActiveCfg = Release|Any CPU
		{79B45F3E-E943-4FA0-AE50-6222B0D72CF6}.Ad-Hoc|iPhone.Build.0 = Release|Any CPU
		{79B45F3E-E943-4FA0-AE50-6222B0D72CF6}.Ad-Hoc|iPhoneSimulator.ActiveCfg = Debug|Any CPU
		{79B45F3E-E943-4FA0-AE50-6222B0D72CF6}.Ad-Hoc|iPhoneSimulator.Build.0 = Debug|Any CPU
		{79B45F3E-E943-4FA0-AE50-6222B0D72CF6}.Ad-Hoc|Mixed Platforms.ActiveCfg = DebugDevice|Any CPU
		{79B45F3E-E943-4FA0-AE50-6222B0D72CF6}.Ad-Hoc|Mixed Platforms.Build.0 = DebugDevice|Any CPU
		{79B45F3E-E943-4FA0-AE50-6222B0D72CF6}.Ad-Hoc|x64.ActiveCfg = Release|Any CPU
		{79B45F3E-E943-4FA0-AE50-6222B0D72CF6}.Ad-Hoc|x64.Build.0 = Release|Any CPU
		{79B45F3E-E943-4FA0-AE50-6222B0D72CF6}.Ad-Hoc|x86.ActiveCfg = Release|Any CPU
		{79B45F3E-E943-4FA0-AE50-6222B0D72CF6}.Ad-Hoc|x86.Build.0 = Release|Any CPU
		{79B45F3E-E943-4FA0-AE50-6222B0D72CF6}.AppStore|Any CPU.ActiveCfg = Debug|Any CPU
		{79B45F3E-E943-4FA0-AE50-6222B0D72CF6}.AppStore|Any CPU.Build.0 = Debug|Any CPU
		{79B45F3E-E943-4FA0-AE50-6222B0D72CF6}.AppStore|ARM.ActiveCfg = Release|Any CPU
		{79B45F3E-E943-4FA0-AE50-6222B0D72CF6}.AppStore|ARM.Build.0 = Release|Any CPU
		{79B45F3E-E943-4FA0-AE50-6222B0D72CF6}.AppStore|iPhone.ActiveCfg = Debug|Any CPU
		{79B45F3E-E943-4FA0-AE50-6222B0D72CF6}.AppStore|iPhone.Build.0 = Debug|Any CPU
		{79B45F3E-E943-4FA0-AE50-6222B0D72CF6}.AppStore|iPhoneSimulator.ActiveCfg = Debug|Any CPU
		{79B45F3E-E943-4FA0-AE50-6222B0D72CF6}.AppStore|iPhoneSimulator.Build.0 = Debug|Any CPU
		{79B45F3E-E943-4FA0-AE50-6222B0D72CF6}.AppStore|Mixed Platforms.ActiveCfg = DebugDevice|Any CPU
		{79B45F3E-E943-4FA0-AE50-6222B0D72CF6}.AppStore|Mixed Platforms.Build.0 = DebugDevice|Any CPU
		{79B45F3E-E943-4FA0-AE50-6222B0D72CF6}.AppStore|x64.ActiveCfg = Release|Any CPU
		{79B45F3E-E943-4FA0-AE50-6222B0D72CF6}.AppStore|x64.Build.0 = Release|Any CPU
		{79B45F3E-E943-4FA0-AE50-6222B0D72CF6}.AppStore|x86.ActiveCfg = Release|Any CPU
		{79B45F3E-E943-4FA0-AE50-6222B0D72CF6}.AppStore|x86.Build.0 = Release|Any CPU
		{79B45F3E-E943-4FA0-AE50-6222B0D72CF6}.Debug|Any CPU.ActiveCfg = Debug|Any CPU
		{79B45F3E-E943-4FA0-AE50-6222B0D72CF6}.Debug|Any CPU.Build.0 = Debug|Any CPU
		{79B45F3E-E943-4FA0-AE50-6222B0D72CF6}.Debug|ARM.ActiveCfg = Debug|Any CPU
		{79B45F3E-E943-4FA0-AE50-6222B0D72CF6}.Debug|ARM.Build.0 = Debug|Any CPU
		{79B45F3E-E943-4FA0-AE50-6222B0D72CF6}.Debug|iPhone.ActiveCfg = Debug|Any CPU
		{79B45F3E-E943-4FA0-AE50-6222B0D72CF6}.Debug|iPhone.Build.0 = Debug|Any CPU
		{79B45F3E-E943-4FA0-AE50-6222B0D72CF6}.Debug|iPhoneSimulator.ActiveCfg = Debug|Any CPU
		{79B45F3E-E943-4FA0-AE50-6222B0D72CF6}.Debug|iPhoneSimulator.Build.0 = Debug|Any CPU
		{79B45F3E-E943-4FA0-AE50-6222B0D72CF6}.Debug|Mixed Platforms.ActiveCfg = Debug|Any CPU
		{79B45F3E-E943-4FA0-AE50-6222B0D72CF6}.Debug|Mixed Platforms.Build.0 = Debug|Any CPU
		{79B45F3E-E943-4FA0-AE50-6222B0D72CF6}.Debug|x64.ActiveCfg = Debug|Any CPU
		{79B45F3E-E943-4FA0-AE50-6222B0D72CF6}.Debug|x64.Build.0 = Debug|Any CPU
		{79B45F3E-E943-4FA0-AE50-6222B0D72CF6}.Debug|x86.ActiveCfg = Debug|Any CPU
		{79B45F3E-E943-4FA0-AE50-6222B0D72CF6}.Debug|x86.Build.0 = Debug|Any CPU
		{79B45F3E-E943-4FA0-AE50-6222B0D72CF6}.DebugWeb|Any CPU.ActiveCfg = DebugWeb|Any CPU
		{79B45F3E-E943-4FA0-AE50-6222B0D72CF6}.DebugWeb|Any CPU.Build.0 = DebugWeb|Any CPU
		{79B45F3E-E943-4FA0-AE50-6222B0D72CF6}.DebugWeb|ARM.ActiveCfg = DebugWeb|Any CPU
		{79B45F3E-E943-4FA0-AE50-6222B0D72CF6}.DebugWeb|ARM.Build.0 = DebugWeb|Any CPU
		{79B45F3E-E943-4FA0-AE50-6222B0D72CF6}.DebugWeb|iPhone.ActiveCfg = DebugWeb|Any CPU
		{79B45F3E-E943-4FA0-AE50-6222B0D72CF6}.DebugWeb|iPhone.Build.0 = DebugWeb|Any CPU
		{79B45F3E-E943-4FA0-AE50-6222B0D72CF6}.DebugWeb|iPhoneSimulator.ActiveCfg = DebugWeb|Any CPU
		{79B45F3E-E943-4FA0-AE50-6222B0D72CF6}.DebugWeb|iPhoneSimulator.Build.0 = DebugWeb|Any CPU
		{79B45F3E-E943-4FA0-AE50-6222B0D72CF6}.DebugWeb|Mixed Platforms.ActiveCfg = DebugWeb|Any CPU
		{79B45F3E-E943-4FA0-AE50-6222B0D72CF6}.DebugWeb|Mixed Platforms.Build.0 = DebugWeb|Any CPU
		{79B45F3E-E943-4FA0-AE50-6222B0D72CF6}.DebugWeb|x64.ActiveCfg = DebugWeb|Any CPU
		{79B45F3E-E943-4FA0-AE50-6222B0D72CF6}.DebugWeb|x64.Build.0 = DebugWeb|Any CPU
		{79B45F3E-E943-4FA0-AE50-6222B0D72CF6}.DebugWeb|x86.ActiveCfg = DebugWeb|Any CPU
		{79B45F3E-E943-4FA0-AE50-6222B0D72CF6}.DebugWeb|x86.Build.0 = DebugWeb|Any CPU
		{79B45F3E-E943-4FA0-AE50-6222B0D72CF6}.Release Pro|Any CPU.ActiveCfg = Release|Any CPU
		{79B45F3E-E943-4FA0-AE50-6222B0D72CF6}.Release Pro|Any CPU.Build.0 = Release|Any CPU
		{79B45F3E-E943-4FA0-AE50-6222B0D72CF6}.Release Pro|ARM.ActiveCfg = Release|Any CPU
		{79B45F3E-E943-4FA0-AE50-6222B0D72CF6}.Release Pro|ARM.Build.0 = Release|Any CPU
		{79B45F3E-E943-4FA0-AE50-6222B0D72CF6}.Release Pro|iPhone.ActiveCfg = Release|Any CPU
		{79B45F3E-E943-4FA0-AE50-6222B0D72CF6}.Release Pro|iPhone.Build.0 = Release|Any CPU
		{79B45F3E-E943-4FA0-AE50-6222B0D72CF6}.Release Pro|iPhoneSimulator.ActiveCfg = Release|Any CPU
		{79B45F3E-E943-4FA0-AE50-6222B0D72CF6}.Release Pro|iPhoneSimulator.Build.0 = Release|Any CPU
		{79B45F3E-E943-4FA0-AE50-6222B0D72CF6}.Release Pro|Mixed Platforms.ActiveCfg = Release|Any CPU
		{79B45F3E-E943-4FA0-AE50-6222B0D72CF6}.Release Pro|Mixed Platforms.Build.0 = Release|Any CPU
		{79B45F3E-E943-4FA0-AE50-6222B0D72CF6}.Release Pro|x64.ActiveCfg = Release|Any CPU
		{79B45F3E-E943-4FA0-AE50-6222B0D72CF6}.Release Pro|x64.Build.0 = Release|Any CPU
		{79B45F3E-E943-4FA0-AE50-6222B0D72CF6}.Release Pro|x86.ActiveCfg = Release|Any CPU
		{79B45F3E-E943-4FA0-AE50-6222B0D72CF6}.Release Pro|x86.Build.0 = Release|Any CPU
		{79B45F3E-E943-4FA0-AE50-6222B0D72CF6}.Release|Any CPU.ActiveCfg = Release|Any CPU
		{79B45F3E-E943-4FA0-AE50-6222B0D72CF6}.Release|Any CPU.Build.0 = Release|Any CPU
		{79B45F3E-E943-4FA0-AE50-6222B0D72CF6}.Release|ARM.ActiveCfg = Release|Any CPU
		{79B45F3E-E943-4FA0-AE50-6222B0D72CF6}.Release|ARM.Build.0 = Release|Any CPU
		{79B45F3E-E943-4FA0-AE50-6222B0D72CF6}.Release|iPhone.ActiveCfg = Release|Any CPU
		{79B45F3E-E943-4FA0-AE50-6222B0D72CF6}.Release|iPhone.Build.0 = Release|Any CPU
		{79B45F3E-E943-4FA0-AE50-6222B0D72CF6}.Release|iPhoneSimulator.ActiveCfg = Release|Any CPU
		{79B45F3E-E943-4FA0-AE50-6222B0D72CF6}.Release|iPhoneSimulator.Build.0 = Release|Any CPU
		{79B45F3E-E943-4FA0-AE50-6222B0D72CF6}.Release|Mixed Platforms.ActiveCfg = Release|Any CPU
		{79B45F3E-E943-4FA0-AE50-6222B0D72CF6}.Release|Mixed Platforms.Build.0 = Release|Any CPU
		{79B45F3E-E943-4FA0-AE50-6222B0D72CF6}.Release|x64.ActiveCfg = Release|Any CPU
		{79B45F3E-E943-4FA0-AE50-6222B0D72CF6}.Release|x64.Build.0 = Release|Any CPU
		{79B45F3E-E943-4FA0-AE50-6222B0D72CF6}.Release|x86.ActiveCfg = Release|Any CPU
		{79B45F3E-E943-4FA0-AE50-6222B0D72CF6}.Release|x86.Build.0 = Release|Any CPU
		{A8052112-BFAE-4E51-9B6B-83AACAC18079}.Ad-Hoc|Any CPU.ActiveCfg = Release|Any CPU
		{A8052112-BFAE-4E51-9B6B-83AACAC18079}.Ad-Hoc|Any CPU.Build.0 = Release|Any CPU
		{A8052112-BFAE-4E51-9B6B-83AACAC18079}.Ad-Hoc|Any CPU.Deploy.0 = Release|Any CPU
		{A8052112-BFAE-4E51-9B6B-83AACAC18079}.Ad-Hoc|ARM.ActiveCfg = Debug|Any CPU
		{A8052112-BFAE-4E51-9B6B-83AACAC18079}.Ad-Hoc|ARM.Build.0 = Debug|Any CPU
		{A8052112-BFAE-4E51-9B6B-83AACAC18079}.Ad-Hoc|ARM.Deploy.0 = Debug|Any CPU
		{A8052112-BFAE-4E51-9B6B-83AACAC18079}.Ad-Hoc|iPhone.ActiveCfg = Release|Any CPU
		{A8052112-BFAE-4E51-9B6B-83AACAC18079}.Ad-Hoc|iPhone.Build.0 = Release|Any CPU
		{A8052112-BFAE-4E51-9B6B-83AACAC18079}.Ad-Hoc|iPhone.Deploy.0 = Release|Any CPU
		{A8052112-BFAE-4E51-9B6B-83AACAC18079}.Ad-Hoc|iPhoneSimulator.ActiveCfg = Release|Any CPU
		{A8052112-BFAE-4E51-9B6B-83AACAC18079}.Ad-Hoc|iPhoneSimulator.Build.0 = Release|Any CPU
		{A8052112-BFAE-4E51-9B6B-83AACAC18079}.Ad-Hoc|iPhoneSimulator.Deploy.0 = Release|Any CPU
		{A8052112-BFAE-4E51-9B6B-83AACAC18079}.Ad-Hoc|Mixed Platforms.ActiveCfg = DebugDevice|Any CPU
		{A8052112-BFAE-4E51-9B6B-83AACAC18079}.Ad-Hoc|Mixed Platforms.Build.0 = DebugDevice|Any CPU
		{A8052112-BFAE-4E51-9B6B-83AACAC18079}.Ad-Hoc|Mixed Platforms.Deploy.0 = DebugDevice|Any CPU
		{A8052112-BFAE-4E51-9B6B-83AACAC18079}.Ad-Hoc|x64.ActiveCfg = Debug|Any CPU
		{A8052112-BFAE-4E51-9B6B-83AACAC18079}.Ad-Hoc|x64.Build.0 = Debug|Any CPU
		{A8052112-BFAE-4E51-9B6B-83AACAC18079}.Ad-Hoc|x64.Deploy.0 = Debug|Any CPU
		{A8052112-BFAE-4E51-9B6B-83AACAC18079}.Ad-Hoc|x86.ActiveCfg = Debug|Any CPU
		{A8052112-BFAE-4E51-9B6B-83AACAC18079}.Ad-Hoc|x86.Build.0 = Debug|Any CPU
		{A8052112-BFAE-4E51-9B6B-83AACAC18079}.Ad-Hoc|x86.Deploy.0 = Debug|Any CPU
		{A8052112-BFAE-4E51-9B6B-83AACAC18079}.AppStore|Any CPU.ActiveCfg = Release|Any CPU
		{A8052112-BFAE-4E51-9B6B-83AACAC18079}.AppStore|Any CPU.Build.0 = Release|Any CPU
		{A8052112-BFAE-4E51-9B6B-83AACAC18079}.AppStore|Any CPU.Deploy.0 = Release|Any CPU
		{A8052112-BFAE-4E51-9B6B-83AACAC18079}.AppStore|ARM.ActiveCfg = Debug|Any CPU
		{A8052112-BFAE-4E51-9B6B-83AACAC18079}.AppStore|ARM.Build.0 = Debug|Any CPU
		{A8052112-BFAE-4E51-9B6B-83AACAC18079}.AppStore|ARM.Deploy.0 = Debug|Any CPU
		{A8052112-BFAE-4E51-9B6B-83AACAC18079}.AppStore|iPhone.ActiveCfg = Release|Any CPU
		{A8052112-BFAE-4E51-9B6B-83AACAC18079}.AppStore|iPhone.Build.0 = Release|Any CPU
		{A8052112-BFAE-4E51-9B6B-83AACAC18079}.AppStore|iPhone.Deploy.0 = Release|Any CPU
		{A8052112-BFAE-4E51-9B6B-83AACAC18079}.AppStore|iPhoneSimulator.ActiveCfg = Release|Any CPU
		{A8052112-BFAE-4E51-9B6B-83AACAC18079}.AppStore|iPhoneSimulator.Build.0 = Release|Any CPU
		{A8052112-BFAE-4E51-9B6B-83AACAC18079}.AppStore|iPhoneSimulator.Deploy.0 = Release|Any CPU
		{A8052112-BFAE-4E51-9B6B-83AACAC18079}.AppStore|Mixed Platforms.ActiveCfg = DebugDevice|Any CPU
		{A8052112-BFAE-4E51-9B6B-83AACAC18079}.AppStore|Mixed Platforms.Build.0 = DebugDevice|Any CPU
		{A8052112-BFAE-4E51-9B6B-83AACAC18079}.AppStore|Mixed Platforms.Deploy.0 = DebugDevice|Any CPU
		{A8052112-BFAE-4E51-9B6B-83AACAC18079}.AppStore|x64.ActiveCfg = Debug|Any CPU
		{A8052112-BFAE-4E51-9B6B-83AACAC18079}.AppStore|x64.Build.0 = Debug|Any CPU
		{A8052112-BFAE-4E51-9B6B-83AACAC18079}.AppStore|x64.Deploy.0 = Debug|Any CPU
		{A8052112-BFAE-4E51-9B6B-83AACAC18079}.AppStore|x86.ActiveCfg = Debug|Any CPU
		{A8052112-BFAE-4E51-9B6B-83AACAC18079}.AppStore|x86.Build.0 = Debug|Any CPU
		{A8052112-BFAE-4E51-9B6B-83AACAC18079}.AppStore|x86.Deploy.0 = Debug|Any CPU
		{A8052112-BFAE-4E51-9B6B-83AACAC18079}.Debug|Any CPU.ActiveCfg = Debug|Any CPU
		{A8052112-BFAE-4E51-9B6B-83AACAC18079}.Debug|Any CPU.Build.0 = Debug|Any CPU
		{A8052112-BFAE-4E51-9B6B-83AACAC18079}.Debug|Any CPU.Deploy.0 = Debug|Any CPU
		{A8052112-BFAE-4E51-9B6B-83AACAC18079}.Debug|ARM.ActiveCfg = Debug|Any CPU
		{A8052112-BFAE-4E51-9B6B-83AACAC18079}.Debug|ARM.Build.0 = Debug|Any CPU
		{A8052112-BFAE-4E51-9B6B-83AACAC18079}.Debug|ARM.Deploy.0 = Debug|Any CPU
		{A8052112-BFAE-4E51-9B6B-83AACAC18079}.Debug|iPhone.ActiveCfg = Debug|Any CPU
		{A8052112-BFAE-4E51-9B6B-83AACAC18079}.Debug|iPhoneSimulator.ActiveCfg = Debug|Any CPU
		{A8052112-BFAE-4E51-9B6B-83AACAC18079}.Debug|iPhoneSimulator.Build.0 = Debug|Any CPU
		{A8052112-BFAE-4E51-9B6B-83AACAC18079}.Debug|iPhoneSimulator.Deploy.0 = Debug|Any CPU
		{A8052112-BFAE-4E51-9B6B-83AACAC18079}.Debug|Mixed Platforms.ActiveCfg = Debug|Any CPU
		{A8052112-BFAE-4E51-9B6B-83AACAC18079}.Debug|Mixed Platforms.Build.0 = Debug|Any CPU
		{A8052112-BFAE-4E51-9B6B-83AACAC18079}.Debug|Mixed Platforms.Deploy.0 = Debug|Any CPU
		{A8052112-BFAE-4E51-9B6B-83AACAC18079}.Debug|x64.ActiveCfg = Debug|Any CPU
		{A8052112-BFAE-4E51-9B6B-83AACAC18079}.Debug|x64.Build.0 = Debug|Any CPU
		{A8052112-BFAE-4E51-9B6B-83AACAC18079}.Debug|x64.Deploy.0 = Debug|Any CPU
		{A8052112-BFAE-4E51-9B6B-83AACAC18079}.Debug|x86.ActiveCfg = Debug|Any CPU
		{A8052112-BFAE-4E51-9B6B-83AACAC18079}.Debug|x86.Build.0 = Debug|Any CPU
		{A8052112-BFAE-4E51-9B6B-83AACAC18079}.Debug|x86.Deploy.0 = Debug|Any CPU
		{A8052112-BFAE-4E51-9B6B-83AACAC18079}.DebugWeb|Any CPU.ActiveCfg = DebugWeb|Any CPU
		{A8052112-BFAE-4E51-9B6B-83AACAC18079}.DebugWeb|ARM.ActiveCfg = DebugWeb|Any CPU
		{A8052112-BFAE-4E51-9B6B-83AACAC18079}.DebugWeb|ARM.Build.0 = DebugWeb|Any CPU
		{A8052112-BFAE-4E51-9B6B-83AACAC18079}.DebugWeb|ARM.Deploy.0 = DebugWeb|Any CPU
		{A8052112-BFAE-4E51-9B6B-83AACAC18079}.DebugWeb|iPhone.ActiveCfg = DebugWeb|Any CPU
		{A8052112-BFAE-4E51-9B6B-83AACAC18079}.DebugWeb|iPhoneSimulator.ActiveCfg = DebugWeb|Any CPU
		{A8052112-BFAE-4E51-9B6B-83AACAC18079}.DebugWeb|iPhoneSimulator.Build.0 = DebugWeb|Any CPU
		{A8052112-BFAE-4E51-9B6B-83AACAC18079}.DebugWeb|iPhoneSimulator.Deploy.0 = DebugWeb|Any CPU
		{A8052112-BFAE-4E51-9B6B-83AACAC18079}.DebugWeb|Mixed Platforms.ActiveCfg = DebugWeb|Any CPU
		{A8052112-BFAE-4E51-9B6B-83AACAC18079}.DebugWeb|Mixed Platforms.Build.0 = DebugWeb|Any CPU
		{A8052112-BFAE-4E51-9B6B-83AACAC18079}.DebugWeb|Mixed Platforms.Deploy.0 = DebugWeb|Any CPU
		{A8052112-BFAE-4E51-9B6B-83AACAC18079}.DebugWeb|x64.ActiveCfg = DebugWeb|Any CPU
		{A8052112-BFAE-4E51-9B6B-83AACAC18079}.DebugWeb|x64.Build.0 = DebugWeb|Any CPU
		{A8052112-BFAE-4E51-9B6B-83AACAC18079}.DebugWeb|x64.Deploy.0 = DebugWeb|Any CPU
		{A8052112-BFAE-4E51-9B6B-83AACAC18079}.DebugWeb|x86.ActiveCfg = DebugWeb|Any CPU
		{A8052112-BFAE-4E51-9B6B-83AACAC18079}.DebugWeb|x86.Build.0 = DebugWeb|Any CPU
		{A8052112-BFAE-4E51-9B6B-83AACAC18079}.DebugWeb|x86.Deploy.0 = DebugWeb|Any CPU
		{A8052112-BFAE-4E51-9B6B-83AACAC18079}.Release Pro|Any CPU.ActiveCfg = Release|Any CPU
		{A8052112-BFAE-4E51-9B6B-83AACAC18079}.Release Pro|Any CPU.Build.0 = Release|Any CPU
		{A8052112-BFAE-4E51-9B6B-83AACAC18079}.Release Pro|Any CPU.Deploy.0 = Release|Any CPU
		{A8052112-BFAE-4E51-9B6B-83AACAC18079}.Release Pro|ARM.ActiveCfg = Release|Any CPU
		{A8052112-BFAE-4E51-9B6B-83AACAC18079}.Release Pro|ARM.Build.0 = Release|Any CPU
		{A8052112-BFAE-4E51-9B6B-83AACAC18079}.Release Pro|ARM.Deploy.0 = Release|Any CPU
		{A8052112-BFAE-4E51-9B6B-83AACAC18079}.Release Pro|iPhone.ActiveCfg = Release|Any CPU
		{A8052112-BFAE-4E51-9B6B-83AACAC18079}.Release Pro|iPhone.Build.0 = Release|Any CPU
		{A8052112-BFAE-4E51-9B6B-83AACAC18079}.Release Pro|iPhone.Deploy.0 = Release|Any CPU
		{A8052112-BFAE-4E51-9B6B-83AACAC18079}.Release Pro|iPhoneSimulator.ActiveCfg = Release|Any CPU
		{A8052112-BFAE-4E51-9B6B-83AACAC18079}.Release Pro|iPhoneSimulator.Build.0 = Release|Any CPU
		{A8052112-BFAE-4E51-9B6B-83AACAC18079}.Release Pro|iPhoneSimulator.Deploy.0 = Release|Any CPU
		{A8052112-BFAE-4E51-9B6B-83AACAC18079}.Release Pro|Mixed Platforms.ActiveCfg = Release|Any CPU
		{A8052112-BFAE-4E51-9B6B-83AACAC18079}.Release Pro|Mixed Platforms.Build.0 = Release|Any CPU
		{A8052112-BFAE-4E51-9B6B-83AACAC18079}.Release Pro|Mixed Platforms.Deploy.0 = Release|Any CPU
		{A8052112-BFAE-4E51-9B6B-83AACAC18079}.Release Pro|x64.ActiveCfg = Release|Any CPU
		{A8052112-BFAE-4E51-9B6B-83AACAC18079}.Release Pro|x64.Build.0 = Release|Any CPU
		{A8052112-BFAE-4E51-9B6B-83AACAC18079}.Release Pro|x64.Deploy.0 = Release|Any CPU
		{A8052112-BFAE-4E51-9B6B-83AACAC18079}.Release Pro|x86.ActiveCfg = Release|Any CPU
		{A8052112-BFAE-4E51-9B6B-83AACAC18079}.Release Pro|x86.Build.0 = Release|Any CPU
		{A8052112-BFAE-4E51-9B6B-83AACAC18079}.Release Pro|x86.Deploy.0 = Release|Any CPU
		{A8052112-BFAE-4E51-9B6B-83AACAC18079}.Release|Any CPU.ActiveCfg = Release|Any CPU
		{A8052112-BFAE-4E51-9B6B-83AACAC18079}.Release|Any CPU.Build.0 = Release|Any CPU
		{A8052112-BFAE-4E51-9B6B-83AACAC18079}.Release|Any CPU.Deploy.0 = Release|Any CPU
		{A8052112-BFAE-4E51-9B6B-83AACAC18079}.Release|ARM.ActiveCfg = Release|Any CPU
		{A8052112-BFAE-4E51-9B6B-83AACAC18079}.Release|ARM.Build.0 = Release|Any CPU
		{A8052112-BFAE-4E51-9B6B-83AACAC18079}.Release|ARM.Deploy.0 = Release|Any CPU
		{A8052112-BFAE-4E51-9B6B-83AACAC18079}.Release|iPhone.ActiveCfg = Release|Any CPU
		{A8052112-BFAE-4E51-9B6B-83AACAC18079}.Release|iPhone.Build.0 = Release|Any CPU
		{A8052112-BFAE-4E51-9B6B-83AACAC18079}.Release|iPhoneSimulator.ActiveCfg = Release|Any CPU
		{A8052112-BFAE-4E51-9B6B-83AACAC18079}.Release|iPhoneSimulator.Build.0 = Release|Any CPU
		{A8052112-BFAE-4E51-9B6B-83AACAC18079}.Release|iPhoneSimulator.Deploy.0 = Release|Any CPU
		{A8052112-BFAE-4E51-9B6B-83AACAC18079}.Release|Mixed Platforms.ActiveCfg = Release|Any CPU
		{A8052112-BFAE-4E51-9B6B-83AACAC18079}.Release|Mixed Platforms.Build.0 = Release|Any CPU
		{A8052112-BFAE-4E51-9B6B-83AACAC18079}.Release|Mixed Platforms.Deploy.0 = Release|Any CPU
		{A8052112-BFAE-4E51-9B6B-83AACAC18079}.Release|x64.ActiveCfg = Release|Any CPU
		{A8052112-BFAE-4E51-9B6B-83AACAC18079}.Release|x64.Build.0 = Release|Any CPU
		{A8052112-BFAE-4E51-9B6B-83AACAC18079}.Release|x64.Deploy.0 = Release|Any CPU
		{A8052112-BFAE-4E51-9B6B-83AACAC18079}.Release|x86.ActiveCfg = Release|Any CPU
		{A8052112-BFAE-4E51-9B6B-83AACAC18079}.Release|x86.Build.0 = Release|Any CPU
		{A8052112-BFAE-4E51-9B6B-83AACAC18079}.Release|x86.Deploy.0 = Release|Any CPU
		{56DB5819-09BC-4C22-80AA-859F3CD146D7}.Ad-Hoc|Any CPU.ActiveCfg = Ad-Hoc|iPhone
		{56DB5819-09BC-4C22-80AA-859F3CD146D7}.Ad-Hoc|ARM.ActiveCfg = Ad-Hoc|iPhoneSimulator
		{56DB5819-09BC-4C22-80AA-859F3CD146D7}.Ad-Hoc|iPhone.ActiveCfg = Ad-Hoc|iPhone
		{56DB5819-09BC-4C22-80AA-859F3CD146D7}.Ad-Hoc|iPhone.Build.0 = Ad-Hoc|iPhone
		{56DB5819-09BC-4C22-80AA-859F3CD146D7}.Ad-Hoc|iPhoneSimulator.ActiveCfg = Ad-Hoc|iPhoneSimulator
		{56DB5819-09BC-4C22-80AA-859F3CD146D7}.Ad-Hoc|iPhoneSimulator.Build.0 = Ad-Hoc|iPhoneSimulator
		{56DB5819-09BC-4C22-80AA-859F3CD146D7}.Ad-Hoc|Mixed Platforms.ActiveCfg = Ad-Hoc|iPhoneSimulator
		{56DB5819-09BC-4C22-80AA-859F3CD146D7}.Ad-Hoc|Mixed Platforms.Build.0 = Ad-Hoc|iPhoneSimulator
		{56DB5819-09BC-4C22-80AA-859F3CD146D7}.Ad-Hoc|x64.ActiveCfg = Ad-Hoc|iPhoneSimulator
		{56DB5819-09BC-4C22-80AA-859F3CD146D7}.Ad-Hoc|x86.ActiveCfg = Ad-Hoc|iPhoneSimulator
		{56DB5819-09BC-4C22-80AA-859F3CD146D7}.AppStore|Any CPU.ActiveCfg = AppStore|iPhone
		{56DB5819-09BC-4C22-80AA-859F3CD146D7}.AppStore|ARM.ActiveCfg = AppStore|iPhoneSimulator
		{56DB5819-09BC-4C22-80AA-859F3CD146D7}.AppStore|iPhone.ActiveCfg = AppStore|iPhone
		{56DB5819-09BC-4C22-80AA-859F3CD146D7}.AppStore|iPhone.Build.0 = AppStore|iPhone
		{56DB5819-09BC-4C22-80AA-859F3CD146D7}.AppStore|iPhoneSimulator.ActiveCfg = AppStore|iPhoneSimulator
		{56DB5819-09BC-4C22-80AA-859F3CD146D7}.AppStore|iPhoneSimulator.Build.0 = AppStore|iPhoneSimulator
		{56DB5819-09BC-4C22-80AA-859F3CD146D7}.AppStore|Mixed Platforms.ActiveCfg = AppStore|iPhoneSimulator
		{56DB5819-09BC-4C22-80AA-859F3CD146D7}.AppStore|Mixed Platforms.Build.0 = AppStore|iPhoneSimulator
		{56DB5819-09BC-4C22-80AA-859F3CD146D7}.AppStore|x64.ActiveCfg = AppStore|iPhoneSimulator
		{56DB5819-09BC-4C22-80AA-859F3CD146D7}.AppStore|x86.ActiveCfg = AppStore|iPhoneSimulator
		{56DB5819-09BC-4C22-80AA-859F3CD146D7}.Debug|Any CPU.ActiveCfg = Debug|iPhone
		{56DB5819-09BC-4C22-80AA-859F3CD146D7}.Debug|ARM.ActiveCfg = Debug|iPhoneSimulator
		{56DB5819-09BC-4C22-80AA-859F3CD146D7}.Debug|iPhone.ActiveCfg = Debug|iPhone
		{56DB5819-09BC-4C22-80AA-859F3CD146D7}.Debug|iPhone.Build.0 = Debug|iPhone
		{56DB5819-09BC-4C22-80AA-859F3CD146D7}.Debug|iPhone.Deploy.0 = Debug|iPhone
		{56DB5819-09BC-4C22-80AA-859F3CD146D7}.Debug|iPhoneSimulator.ActiveCfg = Debug|iPhoneSimulator
		{56DB5819-09BC-4C22-80AA-859F3CD146D7}.Debug|iPhoneSimulator.Build.0 = Debug|iPhoneSimulator
		{56DB5819-09BC-4C22-80AA-859F3CD146D7}.Debug|Mixed Platforms.ActiveCfg = Debug|iPhoneSimulator
		{56DB5819-09BC-4C22-80AA-859F3CD146D7}.Debug|Mixed Platforms.Build.0 = Debug|iPhoneSimulator
		{56DB5819-09BC-4C22-80AA-859F3CD146D7}.Debug|x64.ActiveCfg = Debug|iPhoneSimulator
		{56DB5819-09BC-4C22-80AA-859F3CD146D7}.Debug|x86.ActiveCfg = Debug|iPhoneSimulator
		{56DB5819-09BC-4C22-80AA-859F3CD146D7}.DebugWeb|Any CPU.ActiveCfg = DebugWeb|iPhone
		{56DB5819-09BC-4C22-80AA-859F3CD146D7}.DebugWeb|ARM.ActiveCfg = DebugWeb|iPhone
		{56DB5819-09BC-4C22-80AA-859F3CD146D7}.DebugWeb|iPhone.ActiveCfg = DebugWeb|iPhone
		{56DB5819-09BC-4C22-80AA-859F3CD146D7}.DebugWeb|iPhoneSimulator.ActiveCfg = DebugWeb|iPhoneSimulator
		{56DB5819-09BC-4C22-80AA-859F3CD146D7}.DebugWeb|Mixed Platforms.ActiveCfg = DebugWeb|iPhoneSimulator
		{56DB5819-09BC-4C22-80AA-859F3CD146D7}.DebugWeb|Mixed Platforms.Build.0 = DebugWeb|iPhoneSimulator
		{56DB5819-09BC-4C22-80AA-859F3CD146D7}.DebugWeb|x64.ActiveCfg = DebugWeb|iPhone
		{56DB5819-09BC-4C22-80AA-859F3CD146D7}.DebugWeb|x86.ActiveCfg = DebugWeb|iPhone
		{56DB5819-09BC-4C22-80AA-859F3CD146D7}.Release Pro|Any CPU.ActiveCfg = DebugDevice|iPhone
		{56DB5819-09BC-4C22-80AA-859F3CD146D7}.Release Pro|Any CPU.Build.0 = DebugDevice|iPhone
		{56DB5819-09BC-4C22-80AA-859F3CD146D7}.Release Pro|ARM.ActiveCfg = DebugDevice|iPhone
		{56DB5819-09BC-4C22-80AA-859F3CD146D7}.Release Pro|ARM.Build.0 = DebugDevice|iPhone
		{56DB5819-09BC-4C22-80AA-859F3CD146D7}.Release Pro|iPhone.ActiveCfg = Release|iPhone
		{56DB5819-09BC-4C22-80AA-859F3CD146D7}.Release Pro|iPhone.Build.0 = Release|iPhone
		{56DB5819-09BC-4C22-80AA-859F3CD146D7}.Release Pro|iPhoneSimulator.ActiveCfg = Release|iPhoneSimulator
		{56DB5819-09BC-4C22-80AA-859F3CD146D7}.Release Pro|iPhoneSimulator.Build.0 = Release|iPhoneSimulator
		{56DB5819-09BC-4C22-80AA-859F3CD146D7}.Release Pro|Mixed Platforms.ActiveCfg = Release|iPhoneSimulator
		{56DB5819-09BC-4C22-80AA-859F3CD146D7}.Release Pro|Mixed Platforms.Build.0 = Release|iPhoneSimulator
		{56DB5819-09BC-4C22-80AA-859F3CD146D7}.Release Pro|x64.ActiveCfg = DebugDevice|iPhone
		{56DB5819-09BC-4C22-80AA-859F3CD146D7}.Release Pro|x64.Build.0 = DebugDevice|iPhone
		{56DB5819-09BC-4C22-80AA-859F3CD146D7}.Release Pro|x86.ActiveCfg = DebugDevice|iPhone
		{56DB5819-09BC-4C22-80AA-859F3CD146D7}.Release Pro|x86.Build.0 = DebugDevice|iPhone
		{56DB5819-09BC-4C22-80AA-859F3CD146D7}.Release|Any CPU.ActiveCfg = Release|iPhone
		{56DB5819-09BC-4C22-80AA-859F3CD146D7}.Release|ARM.ActiveCfg = Release|iPhoneSimulator
		{56DB5819-09BC-4C22-80AA-859F3CD146D7}.Release|iPhone.ActiveCfg = Release|iPhone
		{56DB5819-09BC-4C22-80AA-859F3CD146D7}.Release|iPhone.Build.0 = Release|iPhone
		{56DB5819-09BC-4C22-80AA-859F3CD146D7}.Release|iPhone.Deploy.0 = Release|iPhone
		{56DB5819-09BC-4C22-80AA-859F3CD146D7}.Release|iPhoneSimulator.ActiveCfg = Release|iPhoneSimulator
		{56DB5819-09BC-4C22-80AA-859F3CD146D7}.Release|iPhoneSimulator.Build.0 = Release|iPhoneSimulator
		{56DB5819-09BC-4C22-80AA-859F3CD146D7}.Release|Mixed Platforms.ActiveCfg = Release|iPhoneSimulator
		{56DB5819-09BC-4C22-80AA-859F3CD146D7}.Release|Mixed Platforms.Build.0 = Release|iPhoneSimulator
		{56DB5819-09BC-4C22-80AA-859F3CD146D7}.Release|x64.ActiveCfg = Release|iPhoneSimulator
		{56DB5819-09BC-4C22-80AA-859F3CD146D7}.Release|x86.ActiveCfg = Release|iPhoneSimulator
		{23933AE1-8A82-45B3-9393-B07A5A4555AE}.Ad-Hoc|Any CPU.ActiveCfg = Debug|Any CPU
		{23933AE1-8A82-45B3-9393-B07A5A4555AE}.Ad-Hoc|Any CPU.Build.0 = Debug|Any CPU
		{23933AE1-8A82-45B3-9393-B07A5A4555AE}.Ad-Hoc|ARM.ActiveCfg = Release|Any CPU
		{23933AE1-8A82-45B3-9393-B07A5A4555AE}.Ad-Hoc|ARM.Build.0 = Release|Any CPU
		{23933AE1-8A82-45B3-9393-B07A5A4555AE}.Ad-Hoc|iPhone.ActiveCfg = Release|Any CPU
		{23933AE1-8A82-45B3-9393-B07A5A4555AE}.Ad-Hoc|iPhone.Build.0 = Release|Any CPU
		{23933AE1-8A82-45B3-9393-B07A5A4555AE}.Ad-Hoc|iPhoneSimulator.ActiveCfg = Debug|Any CPU
		{23933AE1-8A82-45B3-9393-B07A5A4555AE}.Ad-Hoc|iPhoneSimulator.Build.0 = Debug|Any CPU
		{23933AE1-8A82-45B3-9393-B07A5A4555AE}.Ad-Hoc|Mixed Platforms.ActiveCfg = DebugDevice|Any CPU
		{23933AE1-8A82-45B3-9393-B07A5A4555AE}.Ad-Hoc|Mixed Platforms.Build.0 = DebugDevice|Any CPU
		{23933AE1-8A82-45B3-9393-B07A5A4555AE}.Ad-Hoc|x64.ActiveCfg = Release|Any CPU
		{23933AE1-8A82-45B3-9393-B07A5A4555AE}.Ad-Hoc|x64.Build.0 = Release|Any CPU
		{23933AE1-8A82-45B3-9393-B07A5A4555AE}.Ad-Hoc|x86.ActiveCfg = Release|Any CPU
		{23933AE1-8A82-45B3-9393-B07A5A4555AE}.Ad-Hoc|x86.Build.0 = Release|Any CPU
		{23933AE1-8A82-45B3-9393-B07A5A4555AE}.AppStore|Any CPU.ActiveCfg = Debug|Any CPU
		{23933AE1-8A82-45B3-9393-B07A5A4555AE}.AppStore|Any CPU.Build.0 = Debug|Any CPU
		{23933AE1-8A82-45B3-9393-B07A5A4555AE}.AppStore|ARM.ActiveCfg = Release|Any CPU
		{23933AE1-8A82-45B3-9393-B07A5A4555AE}.AppStore|ARM.Build.0 = Release|Any CPU
		{23933AE1-8A82-45B3-9393-B07A5A4555AE}.AppStore|iPhone.ActiveCfg = Debug|Any CPU
		{23933AE1-8A82-45B3-9393-B07A5A4555AE}.AppStore|iPhone.Build.0 = Debug|Any CPU
		{23933AE1-8A82-45B3-9393-B07A5A4555AE}.AppStore|iPhoneSimulator.ActiveCfg = Debug|Any CPU
		{23933AE1-8A82-45B3-9393-B07A5A4555AE}.AppStore|iPhoneSimulator.Build.0 = Debug|Any CPU
		{23933AE1-8A82-45B3-9393-B07A5A4555AE}.AppStore|Mixed Platforms.ActiveCfg = DebugDevice|Any CPU
		{23933AE1-8A82-45B3-9393-B07A5A4555AE}.AppStore|Mixed Platforms.Build.0 = DebugDevice|Any CPU
		{23933AE1-8A82-45B3-9393-B07A5A4555AE}.AppStore|x64.ActiveCfg = Release|Any CPU
		{23933AE1-8A82-45B3-9393-B07A5A4555AE}.AppStore|x64.Build.0 = Release|Any CPU
		{23933AE1-8A82-45B3-9393-B07A5A4555AE}.AppStore|x86.ActiveCfg = Release|Any CPU
		{23933AE1-8A82-45B3-9393-B07A5A4555AE}.AppStore|x86.Build.0 = Release|Any CPU
		{23933AE1-8A82-45B3-9393-B07A5A4555AE}.Debug|Any CPU.ActiveCfg = Debug|Any CPU
		{23933AE1-8A82-45B3-9393-B07A5A4555AE}.Debug|ARM.ActiveCfg = Debug|Any CPU
		{23933AE1-8A82-45B3-9393-B07A5A4555AE}.Debug|ARM.Build.0 = Debug|Any CPU
		{23933AE1-8A82-45B3-9393-B07A5A4555AE}.Debug|iPhone.ActiveCfg = Debug|Any CPU
		{23933AE1-8A82-45B3-9393-B07A5A4555AE}.Debug|iPhone.Build.0 = Debug|Any CPU
		{23933AE1-8A82-45B3-9393-B07A5A4555AE}.Debug|iPhoneSimulator.ActiveCfg = Debug|Any CPU
		{23933AE1-8A82-45B3-9393-B07A5A4555AE}.Debug|iPhoneSimulator.Build.0 = Debug|Any CPU
		{23933AE1-8A82-45B3-9393-B07A5A4555AE}.Debug|Mixed Platforms.ActiveCfg = Debug|Any CPU
		{23933AE1-8A82-45B3-9393-B07A5A4555AE}.Debug|Mixed Platforms.Build.0 = Debug|Any CPU
		{23933AE1-8A82-45B3-9393-B07A5A4555AE}.Debug|x64.ActiveCfg = Debug|Any CPU
		{23933AE1-8A82-45B3-9393-B07A5A4555AE}.Debug|x64.Build.0 = Debug|Any CPU
		{23933AE1-8A82-45B3-9393-B07A5A4555AE}.Debug|x86.ActiveCfg = Debug|Any CPU
		{23933AE1-8A82-45B3-9393-B07A5A4555AE}.Debug|x86.Build.0 = Debug|Any CPU
		{23933AE1-8A82-45B3-9393-B07A5A4555AE}.DebugWeb|Any CPU.ActiveCfg = DebugWeb|Any CPU
		{23933AE1-8A82-45B3-9393-B07A5A4555AE}.DebugWeb|Any CPU.Build.0 = DebugWeb|Any CPU
		{23933AE1-8A82-45B3-9393-B07A5A4555AE}.DebugWeb|ARM.ActiveCfg = DebugWeb|Any CPU
		{23933AE1-8A82-45B3-9393-B07A5A4555AE}.DebugWeb|ARM.Build.0 = DebugWeb|Any CPU
		{23933AE1-8A82-45B3-9393-B07A5A4555AE}.DebugWeb|iPhone.ActiveCfg = DebugWeb|Any CPU
		{23933AE1-8A82-45B3-9393-B07A5A4555AE}.DebugWeb|iPhone.Build.0 = DebugWeb|Any CPU
		{23933AE1-8A82-45B3-9393-B07A5A4555AE}.DebugWeb|iPhoneSimulator.ActiveCfg = DebugWeb|Any CPU
		{23933AE1-8A82-45B3-9393-B07A5A4555AE}.DebugWeb|iPhoneSimulator.Build.0 = DebugWeb|Any CPU
		{23933AE1-8A82-45B3-9393-B07A5A4555AE}.DebugWeb|Mixed Platforms.ActiveCfg = DebugWeb|Any CPU
		{23933AE1-8A82-45B3-9393-B07A5A4555AE}.DebugWeb|Mixed Platforms.Build.0 = DebugWeb|Any CPU
		{23933AE1-8A82-45B3-9393-B07A5A4555AE}.DebugWeb|x64.ActiveCfg = DebugWeb|Any CPU
		{23933AE1-8A82-45B3-9393-B07A5A4555AE}.DebugWeb|x64.Build.0 = DebugWeb|Any CPU
		{23933AE1-8A82-45B3-9393-B07A5A4555AE}.DebugWeb|x86.ActiveCfg = DebugWeb|Any CPU
		{23933AE1-8A82-45B3-9393-B07A5A4555AE}.DebugWeb|x86.Build.0 = DebugWeb|Any CPU
		{23933AE1-8A82-45B3-9393-B07A5A4555AE}.Release Pro|Any CPU.ActiveCfg = Release|Any CPU
		{23933AE1-8A82-45B3-9393-B07A5A4555AE}.Release Pro|Any CPU.Build.0 = Release|Any CPU
		{23933AE1-8A82-45B3-9393-B07A5A4555AE}.Release Pro|ARM.ActiveCfg = Release|Any CPU
		{23933AE1-8A82-45B3-9393-B07A5A4555AE}.Release Pro|ARM.Build.0 = Release|Any CPU
		{23933AE1-8A82-45B3-9393-B07A5A4555AE}.Release Pro|iPhone.ActiveCfg = Release|Any CPU
		{23933AE1-8A82-45B3-9393-B07A5A4555AE}.Release Pro|iPhone.Build.0 = Release|Any CPU
		{23933AE1-8A82-45B3-9393-B07A5A4555AE}.Release Pro|iPhoneSimulator.ActiveCfg = Release|Any CPU
		{23933AE1-8A82-45B3-9393-B07A5A4555AE}.Release Pro|iPhoneSimulator.Build.0 = Release|Any CPU
		{23933AE1-8A82-45B3-9393-B07A5A4555AE}.Release Pro|Mixed Platforms.ActiveCfg = Release|Any CPU
		{23933AE1-8A82-45B3-9393-B07A5A4555AE}.Release Pro|Mixed Platforms.Build.0 = Release|Any CPU
		{23933AE1-8A82-45B3-9393-B07A5A4555AE}.Release Pro|x64.ActiveCfg = Release|Any CPU
		{23933AE1-8A82-45B3-9393-B07A5A4555AE}.Release Pro|x64.Build.0 = Release|Any CPU
		{23933AE1-8A82-45B3-9393-B07A5A4555AE}.Release Pro|x86.ActiveCfg = Release|Any CPU
		{23933AE1-8A82-45B3-9393-B07A5A4555AE}.Release Pro|x86.Build.0 = Release|Any CPU
		{23933AE1-8A82-45B3-9393-B07A5A4555AE}.Release|Any CPU.ActiveCfg = Release|Any CPU
		{23933AE1-8A82-45B3-9393-B07A5A4555AE}.Release|Any CPU.Build.0 = Release|Any CPU
		{23933AE1-8A82-45B3-9393-B07A5A4555AE}.Release|ARM.ActiveCfg = Release|Any CPU
		{23933AE1-8A82-45B3-9393-B07A5A4555AE}.Release|ARM.Build.0 = Release|Any CPU
		{23933AE1-8A82-45B3-9393-B07A5A4555AE}.Release|iPhone.ActiveCfg = Release|Any CPU
		{23933AE1-8A82-45B3-9393-B07A5A4555AE}.Release|iPhone.Build.0 = Release|Any CPU
		{23933AE1-8A82-45B3-9393-B07A5A4555AE}.Release|iPhoneSimulator.ActiveCfg = Release|Any CPU
		{23933AE1-8A82-45B3-9393-B07A5A4555AE}.Release|iPhoneSimulator.Build.0 = Release|Any CPU
		{23933AE1-8A82-45B3-9393-B07A5A4555AE}.Release|Mixed Platforms.ActiveCfg = Release|Any CPU
		{23933AE1-8A82-45B3-9393-B07A5A4555AE}.Release|Mixed Platforms.Build.0 = Release|Any CPU
		{23933AE1-8A82-45B3-9393-B07A5A4555AE}.Release|x64.ActiveCfg = Release|Any CPU
		{23933AE1-8A82-45B3-9393-B07A5A4555AE}.Release|x64.Build.0 = Release|Any CPU
		{23933AE1-8A82-45B3-9393-B07A5A4555AE}.Release|x86.ActiveCfg = Release|Any CPU
		{23933AE1-8A82-45B3-9393-B07A5A4555AE}.Release|x86.Build.0 = Release|Any CPU
		{FB23E7FF-A368-439B-A94A-04FF120B69D6}.Ad-Hoc|Any CPU.ActiveCfg = Debug|Any CPU
		{FB23E7FF-A368-439B-A94A-04FF120B69D6}.Ad-Hoc|Any CPU.Build.0 = Debug|Any CPU
		{FB23E7FF-A368-439B-A94A-04FF120B69D6}.Ad-Hoc|ARM.ActiveCfg = Debug|Any CPU
		{FB23E7FF-A368-439B-A94A-04FF120B69D6}.Ad-Hoc|ARM.Build.0 = Debug|Any CPU
		{FB23E7FF-A368-439B-A94A-04FF120B69D6}.Ad-Hoc|iPhone.ActiveCfg = Debug|Any CPU
		{FB23E7FF-A368-439B-A94A-04FF120B69D6}.Ad-Hoc|iPhone.Build.0 = Debug|Any CPU
		{FB23E7FF-A368-439B-A94A-04FF120B69D6}.Ad-Hoc|iPhoneSimulator.ActiveCfg = Debug|Any CPU
		{FB23E7FF-A368-439B-A94A-04FF120B69D6}.Ad-Hoc|iPhoneSimulator.Build.0 = Debug|Any CPU
		{FB23E7FF-A368-439B-A94A-04FF120B69D6}.Ad-Hoc|Mixed Platforms.ActiveCfg = Debug|Any CPU
		{FB23E7FF-A368-439B-A94A-04FF120B69D6}.Ad-Hoc|Mixed Platforms.Build.0 = Debug|Any CPU
		{FB23E7FF-A368-439B-A94A-04FF120B69D6}.Ad-Hoc|x64.ActiveCfg = Debug|Any CPU
		{FB23E7FF-A368-439B-A94A-04FF120B69D6}.Ad-Hoc|x64.Build.0 = Debug|Any CPU
		{FB23E7FF-A368-439B-A94A-04FF120B69D6}.Ad-Hoc|x86.ActiveCfg = Debug|Any CPU
		{FB23E7FF-A368-439B-A94A-04FF120B69D6}.Ad-Hoc|x86.Build.0 = Debug|Any CPU
		{FB23E7FF-A368-439B-A94A-04FF120B69D6}.AppStore|Any CPU.ActiveCfg = Debug|Any CPU
		{FB23E7FF-A368-439B-A94A-04FF120B69D6}.AppStore|Any CPU.Build.0 = Debug|Any CPU
		{FB23E7FF-A368-439B-A94A-04FF120B69D6}.AppStore|ARM.ActiveCfg = Debug|Any CPU
		{FB23E7FF-A368-439B-A94A-04FF120B69D6}.AppStore|ARM.Build.0 = Debug|Any CPU
		{FB23E7FF-A368-439B-A94A-04FF120B69D6}.AppStore|iPhone.ActiveCfg = Debug|Any CPU
		{FB23E7FF-A368-439B-A94A-04FF120B69D6}.AppStore|iPhone.Build.0 = Debug|Any CPU
		{FB23E7FF-A368-439B-A94A-04FF120B69D6}.AppStore|iPhoneSimulator.ActiveCfg = Debug|Any CPU
		{FB23E7FF-A368-439B-A94A-04FF120B69D6}.AppStore|iPhoneSimulator.Build.0 = Debug|Any CPU
		{FB23E7FF-A368-439B-A94A-04FF120B69D6}.AppStore|Mixed Platforms.ActiveCfg = Debug|Any CPU
		{FB23E7FF-A368-439B-A94A-04FF120B69D6}.AppStore|Mixed Platforms.Build.0 = Debug|Any CPU
		{FB23E7FF-A368-439B-A94A-04FF120B69D6}.AppStore|x64.ActiveCfg = Debug|Any CPU
		{FB23E7FF-A368-439B-A94A-04FF120B69D6}.AppStore|x64.Build.0 = Debug|Any CPU
		{FB23E7FF-A368-439B-A94A-04FF120B69D6}.AppStore|x86.ActiveCfg = Debug|Any CPU
		{FB23E7FF-A368-439B-A94A-04FF120B69D6}.AppStore|x86.Build.0 = Debug|Any CPU
		{FB23E7FF-A368-439B-A94A-04FF120B69D6}.Debug|Any CPU.ActiveCfg = Debug|Any CPU
		{FB23E7FF-A368-439B-A94A-04FF120B69D6}.Debug|Any CPU.Build.0 = Debug|Any CPU
		{FB23E7FF-A368-439B-A94A-04FF120B69D6}.Debug|ARM.ActiveCfg = Debug|Any CPU
		{FB23E7FF-A368-439B-A94A-04FF120B69D6}.Debug|ARM.Build.0 = Debug|Any CPU
		{FB23E7FF-A368-439B-A94A-04FF120B69D6}.Debug|iPhone.ActiveCfg = Debug|Any CPU
		{FB23E7FF-A368-439B-A94A-04FF120B69D6}.Debug|iPhone.Build.0 = Debug|Any CPU
		{FB23E7FF-A368-439B-A94A-04FF120B69D6}.Debug|iPhoneSimulator.ActiveCfg = Debug|Any CPU
		{FB23E7FF-A368-439B-A94A-04FF120B69D6}.Debug|iPhoneSimulator.Build.0 = Debug|Any CPU
		{FB23E7FF-A368-439B-A94A-04FF120B69D6}.Debug|Mixed Platforms.ActiveCfg = Debug|Any CPU
		{FB23E7FF-A368-439B-A94A-04FF120B69D6}.Debug|Mixed Platforms.Build.0 = Debug|Any CPU
		{FB23E7FF-A368-439B-A94A-04FF120B69D6}.Debug|x64.ActiveCfg = Debug|Any CPU
		{FB23E7FF-A368-439B-A94A-04FF120B69D6}.Debug|x64.Build.0 = Debug|Any CPU
		{FB23E7FF-A368-439B-A94A-04FF120B69D6}.Debug|x86.ActiveCfg = Debug|Any CPU
		{FB23E7FF-A368-439B-A94A-04FF120B69D6}.Debug|x86.Build.0 = Debug|Any CPU
		{FB23E7FF-A368-439B-A94A-04FF120B69D6}.DebugWeb|Any CPU.ActiveCfg = Debug|Any CPU
		{FB23E7FF-A368-439B-A94A-04FF120B69D6}.DebugWeb|Any CPU.Build.0 = Debug|Any CPU
		{FB23E7FF-A368-439B-A94A-04FF120B69D6}.DebugWeb|ARM.ActiveCfg = Debug|Any CPU
		{FB23E7FF-A368-439B-A94A-04FF120B69D6}.DebugWeb|ARM.Build.0 = Debug|Any CPU
		{FB23E7FF-A368-439B-A94A-04FF120B69D6}.DebugWeb|iPhone.ActiveCfg = Debug|Any CPU
		{FB23E7FF-A368-439B-A94A-04FF120B69D6}.DebugWeb|iPhone.Build.0 = Debug|Any CPU
		{FB23E7FF-A368-439B-A94A-04FF120B69D6}.DebugWeb|iPhoneSimulator.ActiveCfg = Debug|Any CPU
		{FB23E7FF-A368-439B-A94A-04FF120B69D6}.DebugWeb|iPhoneSimulator.Build.0 = Debug|Any CPU
		{FB23E7FF-A368-439B-A94A-04FF120B69D6}.DebugWeb|Mixed Platforms.ActiveCfg = Debug|Any CPU
		{FB23E7FF-A368-439B-A94A-04FF120B69D6}.DebugWeb|Mixed Platforms.Build.0 = Debug|Any CPU
		{FB23E7FF-A368-439B-A94A-04FF120B69D6}.DebugWeb|x64.ActiveCfg = Debug|Any CPU
		{FB23E7FF-A368-439B-A94A-04FF120B69D6}.DebugWeb|x64.Build.0 = Debug|Any CPU
		{FB23E7FF-A368-439B-A94A-04FF120B69D6}.DebugWeb|x86.ActiveCfg = Debug|Any CPU
		{FB23E7FF-A368-439B-A94A-04FF120B69D6}.DebugWeb|x86.Build.0 = Debug|Any CPU
		{FB23E7FF-A368-439B-A94A-04FF120B69D6}.Release Pro|Any CPU.ActiveCfg = Release|Any CPU
		{FB23E7FF-A368-439B-A94A-04FF120B69D6}.Release Pro|Any CPU.Build.0 = Release|Any CPU
		{FB23E7FF-A368-439B-A94A-04FF120B69D6}.Release Pro|ARM.ActiveCfg = Release|Any CPU
		{FB23E7FF-A368-439B-A94A-04FF120B69D6}.Release Pro|ARM.Build.0 = Release|Any CPU
		{FB23E7FF-A368-439B-A94A-04FF120B69D6}.Release Pro|iPhone.ActiveCfg = Release|Any CPU
		{FB23E7FF-A368-439B-A94A-04FF120B69D6}.Release Pro|iPhone.Build.0 = Release|Any CPU
		{FB23E7FF-A368-439B-A94A-04FF120B69D6}.Release Pro|iPhoneSimulator.ActiveCfg = Release|Any CPU
		{FB23E7FF-A368-439B-A94A-04FF120B69D6}.Release Pro|iPhoneSimulator.Build.0 = Release|Any CPU
		{FB23E7FF-A368-439B-A94A-04FF120B69D6}.Release Pro|Mixed Platforms.ActiveCfg = Release|Any CPU
		{FB23E7FF-A368-439B-A94A-04FF120B69D6}.Release Pro|Mixed Platforms.Build.0 = Release|Any CPU
		{FB23E7FF-A368-439B-A94A-04FF120B69D6}.Release Pro|x64.ActiveCfg = Release|Any CPU
		{FB23E7FF-A368-439B-A94A-04FF120B69D6}.Release Pro|x64.Build.0 = Release|Any CPU
		{FB23E7FF-A368-439B-A94A-04FF120B69D6}.Release Pro|x86.ActiveCfg = Release|Any CPU
		{FB23E7FF-A368-439B-A94A-04FF120B69D6}.Release Pro|x86.Build.0 = Release|Any CPU
		{FB23E7FF-A368-439B-A94A-04FF120B69D6}.Release|Any CPU.ActiveCfg = Release|Any CPU
		{FB23E7FF-A368-439B-A94A-04FF120B69D6}.Release|Any CPU.Build.0 = Release|Any CPU
		{FB23E7FF-A368-439B-A94A-04FF120B69D6}.Release|ARM.ActiveCfg = Release|Any CPU
		{FB23E7FF-A368-439B-A94A-04FF120B69D6}.Release|ARM.Build.0 = Release|Any CPU
		{FB23E7FF-A368-439B-A94A-04FF120B69D6}.Release|iPhone.ActiveCfg = Release|Any CPU
		{FB23E7FF-A368-439B-A94A-04FF120B69D6}.Release|iPhone.Build.0 = Release|Any CPU
		{FB23E7FF-A368-439B-A94A-04FF120B69D6}.Release|iPhoneSimulator.ActiveCfg = Release|Any CPU
		{FB23E7FF-A368-439B-A94A-04FF120B69D6}.Release|iPhoneSimulator.Build.0 = Release|Any CPU
		{FB23E7FF-A368-439B-A94A-04FF120B69D6}.Release|Mixed Platforms.ActiveCfg = Release|Any CPU
		{FB23E7FF-A368-439B-A94A-04FF120B69D6}.Release|Mixed Platforms.Build.0 = Release|Any CPU
		{FB23E7FF-A368-439B-A94A-04FF120B69D6}.Release|x64.ActiveCfg = Release|Any CPU
		{FB23E7FF-A368-439B-A94A-04FF120B69D6}.Release|x64.Build.0 = Release|Any CPU
		{FB23E7FF-A368-439B-A94A-04FF120B69D6}.Release|x86.ActiveCfg = Release|Any CPU
		{FB23E7FF-A368-439B-A94A-04FF120B69D6}.Release|x86.Build.0 = Release|Any CPU
	EndGlobalSection
	GlobalSection(SolutionProperties) = preSolution
		HideSolutionNode = FALSE
	EndGlobalSection
	GlobalSection(ExtensibilityGlobals) = postSolution
		SolutionGuid = {E51B050E-E708-4A55-AD99-A5E745A73D2B}
	EndGlobalSection
EndGlobal
